
Microsoft Visual Studio Solution File, Format Version 12.00
# Visual Studio Version 17
VisualStudioVersion = 17.10.35122.118
MinimumVisualStudioVersion = 10.0.40219.1
Project("{FAE04EC0-301F-11D3-BF4B-00C04F79EFBC}") = "ConsoleApp1", "ConsoleApp1\ConsoleApp1.csproj", "{6D1C57AC-D352-4B7C-AA50-1077129A3DFB}"
EndProject
Project("{2150E333-8FDC-42A3-9474-1A3956D46DE8}") = "Solution Items", "Solution Items", "{7945DC06-05D0-4A36-9E66-5D2B547329C2}"
	ProjectSection(SolutionItems) = preProject
		readme.md = readme.md
	EndProjectSection
EndProject
Global
	GlobalSection(SolutionConfigurationPlatforms) = preSolution
		Debug|Any CPU = Debug|Any CPU
		Release|Any CPU = Release|Any CPU
	EndGlobalSection
	GlobalSection(ProjectConfigurationPlatforms) = postSolution
		{6D1C57AC-D352-4B7C-AA50-1077129A3DFB}.Debug|Any CPU.ActiveCfg = Debug|Any CPU
		{6D1C57AC-D352-4B7C-AA50-1077129A3DFB}.Debug|Any CPU.Build.0 = Debug|Any CPU
		{6D1C57AC-D352-4B7C-AA50-1077129A3DFB}.Release|Any CPU.ActiveCfg = Release|Any CPU
		{6D1C57AC-D352-4B7C-AA50-1077129A3DFB}.Release|Any CPU.Build.0 = Release|Any CPU
	EndGlobalSection
	GlobalSection(SolutionProperties) = preSolution
		HideSolutionNode = FALSE
	EndGlobalSection
	GlobalSection(ExtensibilityGlobals) = postSolution
		SolutionGuid = {A92EBDDD-A211-4F55-A662-E9D42EE25B2B}
	EndGlobalSection
EndGlobal
